
Microsoft Visual Studio Solution File, Format Version 12.00
# Visual Studio 15
VisualStudioVersion = 15.0.27703.2035
MinimumVisualStudioVersion = 10.0.40219.1
Project("{FAE04EC0-301F-11D3-BF4B-00C04F79EFBC}") = "TestScores", "TestScores\TestScores.csproj", "{76F826CE-61BD-4E25-AA8D-A5C1A129FD71}"
EndProject
Global
	GlobalSection(SolutionConfigurationPlatforms) = preSolution
		Debug|Any CPU = Debug|Any CPU
		Release|Any CPU = Release|Any CPU
	EndGlobalSection
	GlobalSection(ProjectConfigurationPlatforms) = postSolution
		{76F826CE-61BD-4E25-AA8D-A5C1A129FD71}.Debug|Any CPU.ActiveCfg = Debug|Any CPU
		{76F826CE-61BD-4E25-AA8D-A5C1A129FD71}.Debug|Any CPU.Build.0 = Debug|Any CPU
		{76F826CE-61BD-4E25-AA8D-A5C1A129FD71}.Release|Any CPU.ActiveCfg = Release|Any CPU
		{76F826CE-61BD-4E25-AA8D-A5C1A129FD71}.Release|Any CPU.Build.0 = Release|Any CPU
	EndGlobalSection
	GlobalSection(SolutionProperties) = preSolution
		HideSolutionNode = FALSE
	EndGlobalSection
	GlobalSection(ExtensibilityGlobals) = postSolution
		SolutionGuid = {56DFF6A9-0535-414C-B650-F6FF2BA7216F}
	EndGlobalSection
EndGlobal
