
Microsoft Visual Studio Solution File, Format Version 12.00
# Visual Studio 15
VisualStudioVersion = 15.0.27703.2035
MinimumVisualStudioVersion = 10.0.40219.1
Project("{FAE04EC0-301F-11D3-BF4B-00C04F79EFBC}") = "TestingArrays", "TestingArrays\TestingArrays.csproj", "{26C6C184-50B3-4AD2-B2F1-19926734851E}"
EndProject
Global
	GlobalSection(SolutionConfigurationPlatforms) = preSolution
		Debug|Any CPU = Debug|Any CPU
		Release|Any CPU = Release|Any CPU
	EndGlobalSection
	GlobalSection(ProjectConfigurationPlatforms) = postSolution
		{26C6C184-50B3-4AD2-B2F1-19926734851E}.Debug|Any CPU.ActiveCfg = Debug|Any CPU
		{26C6C184-50B3-4AD2-B2F1-19926734851E}.Debug|Any CPU.Build.0 = Debug|Any CPU
		{26C6C184-50B3-4AD2-B2F1-19926734851E}.Release|Any CPU.ActiveCfg = Release|Any CPU
		{26C6C184-50B3-4AD2-B2F1-19926734851E}.Release|Any CPU.Build.0 = Release|Any CPU
	EndGlobalSection
	GlobalSection(SolutionProperties) = preSolution
		HideSolutionNode = FALSE
	EndGlobalSection
	GlobalSection(ExtensibilityGlobals) = postSolution
		SolutionGuid = {D6C3EDC3-2376-46D0-933C-06A2DAE254C7}
	EndGlobalSection
EndGlobal
